
Microsoft Visual Studio Solution File, Format Version 11.00
# Visual C++ Express 2010
Project("{2150E333-8FDC-42A3-9474-1A3956D46DE8}") = "Solution Items", "Solution Items", "{9BB7F215-68CA-425C-AC74-DD5C6C70D864}"
EndProject
Project("{8BC9CEB8-8B4A-11D0-8D11-00A0C91BC942}") = "SDFPlay", "SDFPlay\SDFPlay.vcxproj", "{6BC0A161-45B7-4406-9E43-39330DEFD247}"
EndProject
Global
	GlobalSection(SolutionConfigurationPlatforms) = preSolution
		Debug|Win32 = Debug|Win32
		Release|Win32 = Release|Win32
	EndGlobalSection
	GlobalSection(ProjectConfigurationPlatforms) = postSolution
		{6BC0A161-45B7-4406-9E43-39330DEFD247}.Debug|Win32.ActiveCfg = Debug|Win32
		{6BC0A161-45B7-4406-9E43-39330DEFD247}.Debug|Win32.Build.0 = Debug|Win32
		{6BC0A161-45B7-4406-9E43-39330DEFD247}.Release|Win32.ActiveCfg = Release|Win32
		{6BC0A161-45B7-4406-9E43-39330DEFD247}.Release|Win32.Build.0 = Release|Win32
	EndGlobalSection
	GlobalSection(SolutionProperties) = preSolution
		HideSolutionNode = FALSE
	EndGlobalSection
EndGlobal
